
Microsoft Visual Studio Solution File, Format Version 12.00
Project("{FAE04EC0-301F-11D3-BF4B-00C04F79EFBC}") = "TuringMachine", "TuringMachine\TuringMachine.csproj", "{B0B35F77-CC64-4FFB-A0BC-9D1A09ECF794}"
EndProject
Global
	GlobalSection(SolutionConfigurationPlatforms) = preSolution
		Debug|Any CPU = Debug|Any CPU
		Release|Any CPU = Release|Any CPU
	EndGlobalSection
	GlobalSection(ProjectConfigurationPlatforms) = postSolution
		{B0B35F77-CC64-4FFB-A0BC-9D1A09ECF794}.Debug|Any CPU.ActiveCfg = Debug|Any CPU
		{B0B35F77-CC64-4FFB-A0BC-9D1A09ECF794}.Debug|Any CPU.Build.0 = Debug|Any CPU
		{B0B35F77-CC64-4FFB-A0BC-9D1A09ECF794}.Release|Any CPU.ActiveCfg = Release|Any CPU
		{B0B35F77-CC64-4FFB-A0BC-9D1A09ECF794}.Release|Any CPU.Build.0 = Release|Any CPU
	EndGlobalSection
EndGlobal
